
Microsoft Visual Studio Solution File, Format Version 12.00
# Visual Studio 2013
VisualStudioVersion = 12.0.30501.0
MinimumVisualStudioVersion = 10.0.40219.1
Project("{2150E333-8FDC-42A3-9474-1A3956D46DE8}") = "Core", "Core", "{19094E0A-88F9-40D5-AA47-4ACA40D883DF}"
EndProject
Project("{FAE04EC0-301F-11D3-BF4B-00C04F79EFBC}") = "Repository", "Repository\Repository.csproj", "{D4CA04A0-B60E-402F-B87C-87D7854626DA}"
EndProject
Project("{FAE04EC0-301F-11D3-BF4B-00C04F79EFBC}") = "TestRepository", "TestRepository\TestRepository.csproj", "{22B3C32E-6225-44B7-83D9-396627C9FF49}"
EndProject
Global
	GlobalSection(SolutionConfigurationPlatforms) = preSolution
		Debug|Any CPU = Debug|Any CPU
		Release|Any CPU = Release|Any CPU
	EndGlobalSection
	GlobalSection(ProjectConfigurationPlatforms) = postSolution
		{D4CA04A0-B60E-402F-B87C-87D7854626DA}.Debug|Any CPU.ActiveCfg = Debug|Any CPU
		{D4CA04A0-B60E-402F-B87C-87D7854626DA}.Debug|Any CPU.Build.0 = Debug|Any CPU
		{D4CA04A0-B60E-402F-B87C-87D7854626DA}.Release|Any CPU.ActiveCfg = Release|Any CPU
		{D4CA04A0-B60E-402F-B87C-87D7854626DA}.Release|Any CPU.Build.0 = Release|Any CPU
		{22B3C32E-6225-44B7-83D9-396627C9FF49}.Debug|Any CPU.ActiveCfg = Debug|Any CPU
		{22B3C32E-6225-44B7-83D9-396627C9FF49}.Debug|Any CPU.Build.0 = Debug|Any CPU
		{22B3C32E-6225-44B7-83D9-396627C9FF49}.Release|Any CPU.ActiveCfg = Release|Any CPU
		{22B3C32E-6225-44B7-83D9-396627C9FF49}.Release|Any CPU.Build.0 = Release|Any CPU
	EndGlobalSection
	GlobalSection(SolutionProperties) = preSolution
		HideSolutionNode = FALSE
	EndGlobalSection
	GlobalSection(NestedProjects) = preSolution
		{D4CA04A0-B60E-402F-B87C-87D7854626DA} = {19094E0A-88F9-40D5-AA47-4ACA40D883DF}
		{22B3C32E-6225-44B7-83D9-396627C9FF49} = {19094E0A-88F9-40D5-AA47-4ACA40D883DF}
	EndGlobalSection
EndGlobal
